{
  "nodes": {
    "adblock-unbound": {
      "inputs": {
        "adblockStevenBlack": [
          "adblockStevenBlack"
        ],
        "flake-utils": [
          "flake-utils"
        ],
        "nixpkgs": [
          "nixpkgs"
        ]
      },
      "locked": {
        "lastModified": 1665473501,
        "narHash": "sha256-/hM76t9fa/lUgEmjgSvOB+Q8yzZwbXvU4/j+bMil9yY=",
        "owner": "MayNiklas",
        "repo": "nixos-adblock-unbound",
        "rev": "43be8f38efd94de033bd1e7c38c1f3b00a41ffbf",
        "type": "github"
      },
      "original": {
        "owner": "MayNiklas",
        "repo": "nixos-adblock-unbound",
        "type": "github"
      }
    },
    "adblockStevenBlack": {
      "flake": false,
      "locked": {
        "lastModified": 1669066111,
        "narHash": "sha256-gGySOTz9h0EI72oOx5Dx7G8sgNsifns5hpEJ2RIAxlo=",
        "owner": "StevenBlack",
        "repo": "hosts",
        "rev": "eccb2df38aa5c3de16d0479d559b9daaaabcf38c",
        "type": "github"
      },
      "original": {
        "owner": "StevenBlack",
        "repo": "hosts",
        "type": "github"
      }
    },
    "flake-utils": {
      "locked": {
        "lastModified": 1667395993,
        "narHash": "sha256-nuEHfE/LcWyuSWnS8t12N1wc105Qtau+/OdUAjtQ0rA=",
        "owner": "numtide",
        "repo": "flake-utils",
        "rev": "5aed5285a952e0b949eb3ba02c12fa4fcfef535f",
        "type": "github"
      },
      "original": {
        "owner": "numtide",
        "repo": "flake-utils",
        "type": "github"
      }
    },
    "home-manager": {
      "inputs": {
        "nixpkgs": [
          "nixpkgs"
        ]
      },
      "locked": {
        "lastModified": 1667907331,
        "narHash": "sha256-bHkAwkYlBjkupPUFcQjimNS8gxWSWjOTevEuwdnp5m0=",
        "owner": "nix-community",
        "repo": "home-manager",
        "rev": "6639e3a837fc5deb6f99554072789724997bc8e5",
        "type": "github"
      },
      "original": {
        "owner": "nix-community",
        "ref": "release-22.05",
        "repo": "home-manager",
        "type": "github"
      }
    },
    "lollypops": {
      "inputs": {
        "flake-utils": [
          "flake-utils"
        ],
        "nixpkgs": [
          "nixpkgs"
        ]
      },
      "locked": {
        "lastModified": 1667904768,
        "narHash": "sha256-Qf/I0on3XZkJSaSnsQiLo+hB90izxDrJCr2ePRsKtvo=",
        "owner": "pinpox",
        "repo": "lollypops",
        "rev": "5ae1ba9f3e0665417f7b0f1b9150df5e79db1c1e",
        "type": "github"
      },
      "original": {
        "owner": "pinpox",
        "repo": "lollypops",
        "type": "github"
      }
    },
    "nixos-hardware": {
      "locked": {
        "lastModified": 1669146234,
        "narHash": "sha256-HEby7EG1yaq1oT2Ze6Cvok9CFju1XHkSvVHmkptLW9U=",
        "owner": "NixOS",
        "repo": "nixos-hardware",
        "rev": "0099253ad0b5283f06ffe31cf010af3f9ad7837d",
        "type": "github"
      },
      "original": {
        "owner": "NixOS",
        "repo": "nixos-hardware",
        "type": "github"
      }
    },
    "nixpkgs": {
      "locked": {
        "lastModified": 1669249876,
        "narHash": "sha256-IWuH9FJgwmKyXpea+g1zpn6NImBMSjA1j5HioHQjReY=",
        "owner": "nixos",
        "repo": "nixpkgs",
        "rev": "68ba2f40991e79a2e4e5c5b242e175a1ad270ab9",
        "type": "github"
      },
      "original": {
        "owner": "nixos",
        "ref": "nixos-22.05",
        "repo": "nixpkgs",
        "type": "github"
      }
    },
    "root": {
      "inputs": {
        "adblock-unbound": "adblock-unbound",
        "adblockStevenBlack": "adblockStevenBlack",
        "flake-utils": "flake-utils",
        "home-manager": "home-manager",
        "lollypops": "lollypops",
        "nixos-hardware": "nixos-hardware",
        "nixpkgs": "nixpkgs",
        "shelly-exporter": "shelly-exporter",
        "valorant-exporter": "valorant-exporter"
      }
    },
    "shelly-exporter": {
      "inputs": {
        "flake-utils": [
          "flake-utils"
        ],
        "nixpkgs": [
          "nixpkgs"
        ]
      },
      "locked": {
        "lastModified": 1668439616,
        "narHash": "sha256-MNS4TKkmYVgIjXiOKzOdqXRjJOyoqQZ2FxUU8vGWTJc=",
        "owner": "MayNiklas",
        "repo": "shelly-exporter",
        "rev": "a234e02bae15671244928b6223602baf881ccedb",
        "type": "github"
      },
      "original": {
        "owner": "MayNiklas",
        "repo": "shelly-exporter",
        "type": "github"
      }
    },
    "valorant-exporter": {
      "inputs": {
        "flake-utils": [
          "flake-utils"
        ],
        "nixpkgs": [
          "nixpkgs"
        ]
      },
      "locked": {
        "lastModified": 1656410954,
        "narHash": "sha256-qYIcW/C7nM+a6azU9Znl/plaAuG0IENHHLNPywPNKQ4=",
        "owner": "MayNiklas",
        "repo": "valorant-exporter",
        "rev": "00dc1138f5446357bbd57bd48388878af0fa1e3d",
        "type": "github"
      },
      "original": {
        "owner": "MayNiklas",
        "repo": "valorant-exporter",
        "type": "github"
      }
    }
  },
  "root": "root",
  "version": 7
}
